
Microsoft Visual Studio Solution File, Format Version 12.00
# Visual Studio Version 16
VisualStudioVersion = 16.0.29806.167
MinimumVisualStudioVersion = 10.0.40219.1
Project("{9A19103F-16F7-4668-BE54-9A1E7A4F7556}") = "CloudStorage.WEB", "WebApplication1\CloudStorage.WEB.csproj", "{4262CE49-6E27-4A49-BECB-697449536D59}"
EndProject
Project("{9A19103F-16F7-4668-BE54-9A1E7A4F7556}") = "CloudStorage.DAL.Interfaces", "CloudStorage.DAL.Interfaces\CloudStorage.DAL.Interfaces.csproj", "{0696BF53-9BC8-451B-A4B4-B1D1EDD5EFF7}"
EndProject
Project("{9A19103F-16F7-4668-BE54-9A1E7A4F7556}") = "CloudStorage.DAL", "CloudStorage.DAL\CloudStorage.DAL.csproj", "{40F795B6-433F-4D53-A8A7-D42F3518EEAC}"
EndProject
Project("{9A19103F-16F7-4668-BE54-9A1E7A4F7556}") = "CloudStorage.BLL.Interfaces", "CloudStorage.BLL.Interfaces\CloudStorage.BLL.Interfaces.csproj", "{5CDF8C26-4144-4F32-AC59-5D8BB701167D}"
EndProject
Project("{9A19103F-16F7-4668-BE54-9A1E7A4F7556}") = "CloudStorage.BLL", "CloudStorage.BLL\CloudStorage.BLL.csproj", "{42F74869-614B-46A4-AB97-A59E644AF5BF}"
EndProject
Project("{9A19103F-16F7-4668-BE54-9A1E7A4F7556}") = "CloudStorage.DomainModels", "CloudStorage.DomainModels\CloudStorage.DomainModels.csproj", "{4176DC62-42F3-43FC-AA15-7ADC04C1CC43}"
EndProject
Global
	GlobalSection(SolutionConfigurationPlatforms) = preSolution
		Debug|Any CPU = Debug|Any CPU
		Release|Any CPU = Release|Any CPU
	EndGlobalSection
	GlobalSection(ProjectConfigurationPlatforms) = postSolution
		{4262CE49-6E27-4A49-BECB-697449536D59}.Debug|Any CPU.ActiveCfg = Debug|Any CPU
		{4262CE49-6E27-4A49-BECB-697449536D59}.Debug|Any CPU.Build.0 = Debug|Any CPU
		{4262CE49-6E27-4A49-BECB-697449536D59}.Release|Any CPU.ActiveCfg = Release|Any CPU
		{4262CE49-6E27-4A49-BECB-697449536D59}.Release|Any CPU.Build.0 = Release|Any CPU
		{0696BF53-9BC8-451B-A4B4-B1D1EDD5EFF7}.Debug|Any CPU.ActiveCfg = Debug|Any CPU
		{0696BF53-9BC8-451B-A4B4-B1D1EDD5EFF7}.Debug|Any CPU.Build.0 = Debug|Any CPU
		{0696BF53-9BC8-451B-A4B4-B1D1EDD5EFF7}.Release|Any CPU.ActiveCfg = Release|Any CPU
		{0696BF53-9BC8-451B-A4B4-B1D1EDD5EFF7}.Release|Any CPU.Build.0 = Release|Any CPU
		{40F795B6-433F-4D53-A8A7-D42F3518EEAC}.Debug|Any CPU.ActiveCfg = Debug|Any CPU
		{40F795B6-433F-4D53-A8A7-D42F3518EEAC}.Debug|Any CPU.Build.0 = Debug|Any CPU
		{40F795B6-433F-4D53-A8A7-D42F3518EEAC}.Release|Any CPU.ActiveCfg = Release|Any CPU
		{40F795B6-433F-4D53-A8A7-D42F3518EEAC}.Release|Any CPU.Build.0 = Release|Any CPU
		{5CDF8C26-4144-4F32-AC59-5D8BB701167D}.Debug|Any CPU.ActiveCfg = Debug|Any CPU
		{5CDF8C26-4144-4F32-AC59-5D8BB701167D}.Debug|Any CPU.Build.0 = Debug|Any CPU
		{5CDF8C26-4144-4F32-AC59-5D8BB701167D}.Release|Any CPU.ActiveCfg = Release|Any CPU
		{5CDF8C26-4144-4F32-AC59-5D8BB701167D}.Release|Any CPU.Build.0 = Release|Any CPU
		{42F74869-614B-46A4-AB97-A59E644AF5BF}.Debug|Any CPU.ActiveCfg = Debug|Any CPU
		{42F74869-614B-46A4-AB97-A59E644AF5BF}.Debug|Any CPU.Build.0 = Debug|Any CPU
		{42F74869-614B-46A4-AB97-A59E644AF5BF}.Release|Any CPU.ActiveCfg = Release|Any CPU
		{42F74869-614B-46A4-AB97-A59E644AF5BF}.Release|Any CPU.Build.0 = Release|Any CPU
		{4176DC62-42F3-43FC-AA15-7ADC04C1CC43}.Debug|Any CPU.ActiveCfg = Debug|Any CPU
		{4176DC62-42F3-43FC-AA15-7ADC04C1CC43}.Debug|Any CPU.Build.0 = Debug|Any CPU
		{4176DC62-42F3-43FC-AA15-7ADC04C1CC43}.Release|Any CPU.ActiveCfg = Release|Any CPU
		{4176DC62-42F3-43FC-AA15-7ADC04C1CC43}.Release|Any CPU.Build.0 = Release|Any CPU
	EndGlobalSection
	GlobalSection(SolutionProperties) = preSolution
		HideSolutionNode = FALSE
	EndGlobalSection
	GlobalSection(ExtensibilityGlobals) = postSolution
		SolutionGuid = {A6613EB5-DBA0-4A51-94D6-A0EBF42D55E5}
	EndGlobalSection
EndGlobal
